
Microsoft Visual Studio Solution File, Format Version 12.00
# Visual Studio Version 17
VisualStudioVersion = 17.11.35222.181
MinimumVisualStudioVersion = 10.0.40219.1
Project("{FAE04EC0-301F-11D3-BF4B-00C04F79EFBC}") = "SistemaReservaVehiculo", "SistemaReservaVehiculo\SistemaReservaVehiculo.csproj", "{E769B692-3BC5-43C8-BEDE-561E3DA0FB4C}"
EndProject
Global
	GlobalSection(SolutionConfigurationPlatforms) = preSolution
		Debug|Any CPU = Debug|Any CPU
		Release|Any CPU = Release|Any CPU
	EndGlobalSection
	GlobalSection(ProjectConfigurationPlatforms) = postSolution
		{E769B692-3BC5-43C8-BEDE-561E3DA0FB4C}.Debug|Any CPU.ActiveCfg = Debug|Any CPU
		{E769B692-3BC5-43C8-BEDE-561E3DA0FB4C}.Debug|Any CPU.Build.0 = Debug|Any CPU
		{E769B692-3BC5-43C8-BEDE-561E3DA0FB4C}.Release|Any CPU.ActiveCfg = Release|Any CPU
		{E769B692-3BC5-43C8-BEDE-561E3DA0FB4C}.Release|Any CPU.Build.0 = Release|Any CPU
	EndGlobalSection
	GlobalSection(SolutionProperties) = preSolution
		HideSolutionNode = FALSE
	EndGlobalSection
	GlobalSection(ExtensibilityGlobals) = postSolution
		SolutionGuid = {4660E0DB-8767-4656-8A71-B5126330132F}
	EndGlobalSection
EndGlobal
